
Microsoft Visual Studio Solution File, Format Version 12.00
# Visual Studio Version 17
VisualStudioVersion = 17.2.32630.192
MinimumVisualStudioVersion = 10.0.40219.1
Project("{FAE04EC0-301F-11D3-BF4B-00C04F79EFBC}") = "PersonalTracking", "PersonalTracking\PersonalTracking.csproj", "{D846AE38-142E-4FF5-BBE3-A77AB4E3DC8B}"
EndProject
Project("{FAE04EC0-301F-11D3-BF4B-00C04F79EFBC}") = "BLL", "BLL\BLL.csproj", "{FA02950A-9CA9-44F3-8AE3-B0E84988DEAB}"
EndProject
Project("{FAE04EC0-301F-11D3-BF4B-00C04F79EFBC}") = "DAL", "DAL\DAL.csproj", "{025B887C-E40C-4049-A216-DEF5D3DBDBFD}"
EndProject
Global
	GlobalSection(SolutionConfigurationPlatforms) = preSolution
		Debug|Any CPU = Debug|Any CPU
		Release|Any CPU = Release|Any CPU
	EndGlobalSection
	GlobalSection(ProjectConfigurationPlatforms) = postSolution
		{D846AE38-142E-4FF5-BBE3-A77AB4E3DC8B}.Debug|Any CPU.ActiveCfg = Debug|Any CPU
		{D846AE38-142E-4FF5-BBE3-A77AB4E3DC8B}.Debug|Any CPU.Build.0 = Debug|Any CPU
		{D846AE38-142E-4FF5-BBE3-A77AB4E3DC8B}.Release|Any CPU.ActiveCfg = Release|Any CPU
		{D846AE38-142E-4FF5-BBE3-A77AB4E3DC8B}.Release|Any CPU.Build.0 = Release|Any CPU
		{FA02950A-9CA9-44F3-8AE3-B0E84988DEAB}.Debug|Any CPU.ActiveCfg = Debug|Any CPU
		{FA02950A-9CA9-44F3-8AE3-B0E84988DEAB}.Debug|Any CPU.Build.0 = Debug|Any CPU
		{FA02950A-9CA9-44F3-8AE3-B0E84988DEAB}.Release|Any CPU.ActiveCfg = Release|Any CPU
		{FA02950A-9CA9-44F3-8AE3-B0E84988DEAB}.Release|Any CPU.Build.0 = Release|Any CPU
		{025B887C-E40C-4049-A216-DEF5D3DBDBFD}.Debug|Any CPU.ActiveCfg = Debug|Any CPU
		{025B887C-E40C-4049-A216-DEF5D3DBDBFD}.Debug|Any CPU.Build.0 = Debug|Any CPU
		{025B887C-E40C-4049-A216-DEF5D3DBDBFD}.Release|Any CPU.ActiveCfg = Release|Any CPU
		{025B887C-E40C-4049-A216-DEF5D3DBDBFD}.Release|Any CPU.Build.0 = Release|Any CPU
	EndGlobalSection
	GlobalSection(SolutionProperties) = preSolution
		HideSolutionNode = FALSE
	EndGlobalSection
	GlobalSection(ExtensibilityGlobals) = postSolution
		SolutionGuid = {3FF37B6A-3586-4902-B0E2-DC42C922AF2F}
	EndGlobalSection
EndGlobal
